
Microsoft Visual Studio Solution File, Format Version 12.00
# Visual Studio 15
VisualStudioVersion = 15.0.27703.2047
MinimumVisualStudioVersion = 10.0.40219.1
Project("{FAE04EC0-301F-11D3-BF4B-00C04F79EFBC}") = "SmoothCameraUnlimiter", "SmoothCameraUnlimiter\SmoothCameraUnlimiter.csproj", "{31F48AE5-178C-4D12-800E-2EA08BF88D9A}"
EndProject
Global
	GlobalSection(SolutionConfigurationPlatforms) = preSolution
		Debug|Any CPU = Debug|Any CPU
		Release|Any CPU = Release|Any CPU
	EndGlobalSection
	GlobalSection(ProjectConfigurationPlatforms) = postSolution
		{31F48AE5-178C-4D12-800E-2EA08BF88D9A}.Debug|Any CPU.ActiveCfg = Debug|Any CPU
		{31F48AE5-178C-4D12-800E-2EA08BF88D9A}.Debug|Any CPU.Build.0 = Debug|Any CPU
		{31F48AE5-178C-4D12-800E-2EA08BF88D9A}.Release|Any CPU.ActiveCfg = Release|Any CPU
		{31F48AE5-178C-4D12-800E-2EA08BF88D9A}.Release|Any CPU.Build.0 = Release|Any CPU
	EndGlobalSection
	GlobalSection(SolutionProperties) = preSolution
		HideSolutionNode = FALSE
	EndGlobalSection
	GlobalSection(ExtensibilityGlobals) = postSolution
		SolutionGuid = {8DFBA523-F4FE-404D-8ECA-D3FDE36471CC}
	EndGlobalSection
EndGlobal
